// !$*UTF8*$!
{
	archiveVersion = 1;
	classes = {
	};
	objectVersion = 50;
	objects = {

/* Begin PBXBuildFile section */
		D63B3B962412D16500D96EAE /* AppDelegate.swift in Sources */ = {isa = PBXBuildFile; fileRef = D63B3B952412D16500D96EAE /* AppDelegate.swift */; };
		D63B3B982412D16500D96EAE /* SceneDelegate.swift in Sources */ = {isa = PBXBuildFile; fileRef = D63B3B972412D16500D96EAE /* SceneDelegate.swift */; };
		D63B3B9A2412D16500D96EAE /* ViewController.swift in Sources */ = {isa = PBXBuildFile; fileRef = D63B3B992412D16500D96EAE /* ViewController.swift */; };
		D63B3B9D2412D16500D96EAE /* Main.storyboard in Resources */ = {isa = PBXBuildFile; fileRef = D63B3B9B2412D16500D96EAE /* Main.storyboard */; };
		D63B3B9F2412D16600D96EAE /* Assets.xcassets in Resources */ = {isa = PBXBuildFile; fileRef = D63B3B9E2412D16600D96EAE /* Assets.xcassets */; };
		D63B3BA22412D16600D96EAE /* LaunchScreen.storyboard in Resources */ = {isa = PBXBuildFile; fileRef = D63B3BA02412D16600D96EAE /* LaunchScreen.storyboard */; };
		D64C9E83242BB85A004B222A /* Themes.swift in Sources */ = {isa = PBXBuildFile; fileRef = D64C9E82242BB85A004B222A /* Themes.swift */; };
		D679C5EB2416D0160014808F /* Concentration.swift in Sources */ = {isa = PBXBuildFile; fileRef = D679C5EA2416D0160014808F /* Concentration.swift */; };
		D679C5ED2416D1860014808F /* Card.swift in Sources */ = {isa = PBXBuildFile; fileRef = D679C5EC2416D1860014808F /* Card.swift */; };
/* End PBXBuildFile section */

/* Begin PBXFileReference section */
		D63B3B922412D16500D96EAE /* Concentration.app */ = {isa = PBXFileReference; explicitFileType = wrapper.application; includeInIndex = 0; path = Concentration.app; sourceTree = BUILT_PRODUCTS_DIR; };
		D63B3B952412D16500D96EAE /* AppDelegate.swift */ = {isa = PBXFileReference; lastKnownFileType = sourcecode.swift; path = AppDelegate.swift; sourceTree = "<group>"; };
		D63B3B972412D16500D96EAE /* SceneDelegate.swift */ = {isa = PBXFileReference; lastKnownFileType = sourcecode.swift; path = SceneDelegate.swift; sourceTree = "<group>"; };
		D63B3B992412D16500D96EAE /* ViewController.swift */ = {isa = PBXFileReference; lastKnownFileType = sourcecode.swift; path = ViewController.swift; sourceTree = "<group>"; };
		D63B3B9C2412D16500D96EAE /* Base */ = {isa = PBXFileReference; lastKnownFileType = file.storyboard; name = Base; path = Base.lproj/Main.storyboard; sourceTree = "<group>"; };
		D63B3B9E2412D16600D96EAE /* Assets.xcassets */ = {isa = PBXFileReference; lastKnownFileType = folder.assetcatalog; path = Assets.xcassets; sourceTree = "<group>"; };
		D63B3BA12412D16600D96EAE /* Base */ = {isa = PBXFileReference; lastKnownFileType = file.storyboard; name = Base; path = Base.lproj/LaunchScreen.storyboard; sourceTree = "<group>"; };
		D63B3BA32412D16600D96EAE /* Info.plist */ = {isa = PBXFileReference; lastKnownFileType = text.plist.xml; path = Info.plist; sourceTree = "<group>"; };
		D64C9E82242BB85A004B222A /* Themes.swift */ = {isa = PBXFileReference; lastKnownFileType = sourcecode.swift; path = Themes.swift; sourceTree = "<group>"; };
		D679C5EA2416D0160014808F /* Concentration.swift */ = {isa = PBXFileReference; lastKnownFileType = sourcecode.swift; path = Concentration.swift; sourceTree = "<group>"; };
		D679C5EC2416D1860014808F /* Card.swift */ = {isa = PBXFileReference; lastKnownFileType = sourcecode.swift; path = Card.swift; sourceTree = SOURCE_ROOT; };
/* End PBXFileReference section */

/* Begin PBXFrameworksBuildPhase section */
		D63B3B8F2412D16500D96EAE /* Frameworks */ = {
			isa = PBXFrameworksBuildPhase;
			buildActionMask = 2147483647;
			files = (
			);
			runOnlyForDeploymentPostprocessing = 0;
		};
/* End PBXFrameworksBuildPhase section */

/* Begin PBXGroup section */
		D63B3B892412D16500D96EAE = {
			isa = PBXGroup;
			children = (
				D63B3B942412D16500D96EAE /* Concentration */,
				D63B3B932412D16500D96EAE /* Products */,
			);
			sourceTree = "<group>";
		};
		D63B3B932412D16500D96EAE /* Products */ = {
			isa = PBXGroup;
			children = (
				D63B3B922412D16500D96EAE /* Concentration.app */,
			);
			name = Products;
			sourceTree = "<group>";
		};
		D63B3B942412D16500D96EAE /* Concentration */ = {
			isa = PBXGroup;
			children = (
				D679C5EC2416D1860014808F /* Card.swift */,
				D679C5EA2416D0160014808F /* Concentration.swift */,
				D63B3BA92412D18800D96EAE /* Support Files */,
				D63B3B9B2412D16500D96EAE /* Main.storyboard */,
				D63B3B992412D16500D96EAE /* ViewController.swift */,
				D63B3B9E2412D16600D96EAE /* Assets.xcassets */,
				D63B3BA32412D16600D96EAE /* Info.plist */,
				D64C9E82242BB85A004B222A /* Themes.swift */,
			);
			path = Concentration;
			sourceTree = "<group>";
		};
		D63B3BA92412D18800D96EAE /* Support Files */ = {
			isa = PBXGroup;
			children = (
				D63B3B952412D16500D96EAE /* AppDelegate.swift */,
				D63B3B972412D16500D96EAE /* SceneDelegate.swift */,
				D63B3BA02412D16600D96EAE /* LaunchScreen.storyboard */,
			);
			path = "Support Files";
			sourceTree = "<group>";
		};
/* End PBXGroup section */

/* Begin PBXNativeTarget section */
		D63B3B912412D16500D96EAE /* Concentration */ = {
			isa = PBXNativeTarget;
			buildConfigurationList = D63B3BA62412D16600D96EAE /* Build configuration list for PBXNativeTarget "Concentration" */;
			buildPhases = (
				D63B3B8E2412D16500D96EAE /* Sources */,
				D63B3B8F2412D16500D96EAE /* Frameworks */,
				D63B3B902412D16500D96EAE /* Resources */,
			);
			buildRules = (
			);
			dependencies = (
			);
			name = Concentration;
			productName = Concentration;
			productReference = D63B3B922412D16500D96EAE /* Concentration.app */;
			productType = "com.apple.product-type.application";
		};
/* End PBXNativeTarget section */

/* Begin PBXProject section */
		D63B3B8A2412D16500D96EAE /* Project object */ = {
			isa = PBXProject;
			attributes = {
				LastSwiftUpdateCheck = 1130;
				LastUpgradeCheck = 1130;
				ORGANIZATIONNAME = "andew lukin";
				TargetAttributes = {
					D63B3B912412D16500D96EAE = {
						CreatedOnToolsVersion = 11.3.1;
					};
				};
			};
			buildConfigurationList = D63B3B8D2412D16500D96EAE /* Build configuration list for PBXProject "Concentration" */;
			compatibilityVersion = "Xcode 9.3";
			developmentRegion = en;
			hasScannedForEncodings = 0;
			knownRegions = (
				en,
				Base,
			);
			mainGroup = D63B3B892412D16500D96EAE;
			productRefGroup = D63B3B932412D16500D96EAE /* Products */;
			projectDirPath = "";
			projectRoot = "";
			targets = (
				D63B3B912412D16500D96EAE /* Concentration */,
			);
		};
/* End PBXProject section */

/* Begin PBXResourcesBuildPhase section */
		D63B3B902412D16500D96EAE /* Resources */ = {
			isa = PBXResourcesBuildPhase;
			buildActionMask = 2147483647;
			files = (
				D63B3BA22412D16600D96EAE /* LaunchScreen.storyboard in Resources */,
				D63B3B9F2412D16600D96EAE /* Assets.xcassets in Resources */,
				D63B3B9D2412D16500D96EAE /* Main.storyboard in Resources */,
			);
			runOnlyForDeploymentPostprocessing = 0;
		};
/* End PBXResourcesBuildPhase section */

/* Begin PBXSourcesBuildPhase section */
		D63B3B8E2412D16500D96EAE /* Sources */ = {
			isa = PBXSourcesBuildPhase;
			buildActionMask = 2147483647;
			files = (
				D63B3B9A2412D16500D96EAE /* ViewController.swift in Sources */,
				D64C9E83242BB85A004B222A /* Themes.swift in Sources */,
				D679C5EB2416D0160014808F /* Concentration.swift in Sources */,
				D679C5ED2416D1860014808F /* Card.swift in Sources */,
				D63B3B962412D16500D96EAE /* AppDelegate.swift in Sources */,
				D63B3B982412D16500D96EAE /* SceneDelegate.swift in Sources */,
			);
			runOnlyForDeploymentPostprocessing = 0;
		};
/* End PBXSourcesBuildPhase section */

/* Begin PBXVariantGroup section */
		D63B3B9B2412D16500D96EAE /* Main.storyboard */ = {
			isa = PBXVariantGroup;
			children = (
				D63B3B9C2412D16500D96EAE /* Base */,
			);
			name = Main.storyboard;
			sourceTree = "<group>";
		};
		D63B3BA02412D16600D96EAE /* LaunchScreen.storyboard */ = {
			isa = PBXVariantGroup;
			children = (
				D63B3BA12412D16600D96EAE /* Base */,
			);
			name = LaunchScreen.storyboard;
			sourceTree = "<group>";
		};
/* End PBXVariantGroup section */

/* Begin XCBuildConfiguration section */
		D63B3BA42412D16600D96EAE /* Debug */ = {
			isa = XCBuildConfiguration;
			buildSettings = {
				ALWAYS_SEARCH_USER_PATHS = NO;
				CLANG_ANALYZER_NONNULL = YES;
				CLANG_ANALYZER_NUMBER_OBJECT_CONVERSION = YES_AGGRESSIVE;
				CLANG_CXX_LANGUAGE_STANDARD = "gnu++14";
				CLANG_CXX_LIBRARY = "libc++";
				CLANG_ENABLE_MODULES = YES;
				CLANG_ENABLE_OBJC_ARC = YES;
				CLANG_ENABLE_OBJC_WEAK = YES;
				CLANG_WARN_BLOCK_CAPTURE_AUTORELEASING = YES;
				CLANG_WARN_BOOL_CONVERSION = YES;
				CLANG_WARN_COMMA = YES;
				CLANG_WARN_CONSTANT_CONVERSION = YES;
				CLANG_WARN_DEPRECATED_OBJC_IMPLEMENTATIONS = YES;
				CLANG_WARN_DIRECT_OBJC_ISA_USAGE = YES_ERROR;
				CLANG_WARN_DOCUMENTATION_COMMENTS = YES;
				CLANG_WARN_EMPTY_BODY = YES;
				CLANG_WARN_ENUM_CONVERSION = YES;
				CLANG_WARN_INFINITE_RECURSION = YES;
				CLANG_WARN_INT_CONVERSION = YES;
				CLANG_WARN_NON_LITERAL_NULL_CONVERSION = YES;
				CLANG_WARN_OBJC_IMPLICIT_RETAIN_SELF = YES;
				CLANG_WARN_OBJC_LITERAL_CONVERSION = YES;
				CLANG_WARN_OBJC_ROOT_CLASS = YES_ERROR;
				CLANG_WARN_RANGE_LOOP_ANALYSIS = YES;
				CLANG_WARN_STRICT_PROTOTYPES = YES;
				CLANG_WARN_SUSPICIOUS_MOVE = YES;
				CLANG_WARN_UNGUARDED_AVAILABILITY = YES_AGGRESSIVE;
				CLANG_WARN_UNREACHABLE_CODE = YES;
				CLANG_WARN__DUPLICATE_METHOD_MATCH = YES;
				COPY_PHASE_STRIP = NO;
				DEBUG_INFORMATION_FORMAT = dwarf;
				ENABLE_STRICT_OBJC_MSGSEND = YES;
				ENABLE_TESTABILITY = YES;
				GCC_C_LANGUAGE_STANDARD = gnu11;
				GCC_DYNAMIC_NO_PIC = NO;
				GCC_NO_COMMON_BLOCKS = YES;
				GCC_OPTIMIZATION_LEVEL = 0;
				GCC_PREPROCESSOR_DEFINITIONS = (
					"DEBUG=1",
					"$(inherited)",
				);
				GCC_WARN_64_TO_32_BIT_CONVERSION = YES;
				GCC_WARN_ABOUT_RETURN_TYPE = YES_ERROR;
				GCC_WARN_UNDECLARED_SELECTOR = YES;
				GCC_WARN_UNINITIALIZED_AUTOS = YES_AGGRESSIVE;
				GCC_WARN_UNUSED_FUNCTION = YES;
				GCC_WARN_UNUSED_VARIABLE = YES;
				IPHONEOS_DEPLOYMENT_TARGET = 13.2;
				MTL_ENABLE_DEBUG_INFO = INCLUDE_SOURCE;
				MTL_FAST_MATH = YES;
				ONLY_ACTIVE_ARCH = YES;
				SDKROOT = iphoneos;
				SWIFT_ACTIVE_COMPILATION_CONDITIONS = DEBUG;
				SWIFT_OPTIMIZATION_LEVEL = "-Onone";
			};
			name = Debug;
		};
		D63B3BA52412D16600D96EAE /* Release */ = {
			isa = XCBuildConfiguration;
			buildSettings = {
				ALWAYS_SEARCH_USER_PATHS = NO;
				CLANG_ANALYZER_NONNULL = YES;
				CLANG_ANALYZER_NUMBER_OBJECT_CONVERSION = YES_AGGRESSIVE;
				CLANG_CXX_LANGUAGE_STANDARD = "gnu++14";
				CLANG_CXX_LIBRARY = "libc++";
				CLANG_ENABLE_MODULES = YES;
				CLANG_ENABLE_OBJC_ARC = YES;
				CLANG_ENABLE_OBJC_WEAK = YES;
				CLANG_WARN_BLOCK_CAPTURE_AUTORELEASING = YES;
				CLANG_WARN_BOOL_CONVERSION = YES;
				CLANG_WARN_COMMA = YES;
				CLANG_WARN_CONSTANT_CONVERSION = YES;
				CLANG_WARN_DEPRECATED_OBJC_IMPLEMENTATIONS = YES;
				CLANG_WARN_DIRECT_OBJC_ISA_USAGE = YES_ERROR;
				CLANG_WARN_DOCUMENTATION_COMMENTS = YES;
				CLANG_WARN_EMPTY_BODY = YES;
				CLANG_WARN_ENUM_CONVERSION = YES;
				CLANG_WARN_INFINITE_RECURSION = YES;
				CLANG_WARN_INT_CONVERSION = YES;
				CLANG_WARN_NON_LITERAL_NULL_CONVERSION = YES;
				CLANG_WARN_OBJC_IMPLICIT_RETAIN_SELF = YES;
				CLANG_WARN_OBJC_LITERAL_CONVERSION = YES;
				CLANG_WARN_OBJC_ROOT_CLASS = YES_ERROR;
				CLANG_WARN_RANGE_LOOP_ANALYSIS = YES;
				CLANG_WARN_STRICT_PROTOTYPES = YES;
				CLANG_WARN_SUSPICIOUS_MOVE = YES;
				CLANG_WARN_UNGUARDED_AVAILABILITY = YES_AGGRESSIVE;
				CLANG_WARN_UNREACHABLE_CODE = YES;
				CLANG_WARN__DUPLICATE_METHOD_MATCH = YES;
				COPY_PHASE_STRIP = NO;
				DEBUG_INFORMATION_FORMAT = "dwarf-with-dsym";
				ENABLE_NS_ASSERTIONS = NO;
				ENABLE_STRICT_OBJC_MSGSEND = YES;
				GCC_C_LANGUAGE_STANDARD = gnu11;
				GCC_NO_COMMON_BLOCKS = YES;
				GCC_WARN_64_TO_32_BIT_CONVERSION = YES;
				GCC_WARN_ABOUT_RETURN_TYPE = YES_ERROR;
				GCC_WARN_UNDECLARED_SELECTOR = YES;
				GCC_WARN_UNINITIALIZED_AUTOS = YES_AGGRESSIVE;
				GCC_WARN_UNUSED_FUNCTION = YES;
				GCC_WARN_UNUSED_VARIABLE = YES;
				IPHONEOS_DEPLOYMENT_TARGET = 13.2;
				MTL_ENABLE_DEBUG_INFO = NO;
				MTL_FAST_MATH = YES;
				SDKROOT = iphoneos;
				SWIFT_COMPILATION_MODE = wholemodule;
				SWIFT_OPTIMIZATION_LEVEL = "-O";
				VALIDATE_PRODUCT = YES;
			};
			name = Release;
		};
		D63B3BA72412D16600D96EAE /* Debug */ = {
			isa = XCBuildConfiguration;
			buildSettings = {
				ASSETCATALOG_COMPILER_APPICON_NAME = AppIcon;
				CODE_SIGN_STYLE = Automatic;
				DEVELOPMENT_TEAM = VBVM6KP986;
				INFOPLIST_FILE = Concentration/Info.plist;
				LD_RUNPATH_SEARCH_PATHS = (
					"$(inherited)",
					"@executable_path/Frameworks",
				);
				PRODUCT_BUNDLE_IDENTIFIER = aimm.legate.5710.Concentration;
				PRODUCT_NAME = "$(TARGET_NAME)";
				SWIFT_VERSION = 5.0;
				TARGETED_DEVICE_FAMILY = "1,2";
			};
			name = Debug;
		};
		D63B3BA82412D16600D96EAE /* Release */ = {
			isa = XCBuildConfiguration;
			buildSettings = {
				ASSETCATALOG_COMPILER_APPICON_NAME = AppIcon;
				CODE_SIGN_STYLE = Automatic;
				DEVELOPMENT_TEAM = VBVM6KP986;
				INFOPLIST_FILE = Concentration/Info.plist;
				LD_RUNPATH_SEARCH_PATHS = (
					"$(inherited)",
					"@executable_path/Frameworks",
				);
				PRODUCT_BUNDLE_IDENTIFIER = aimm.legate.5710.Concentration;
				PRODUCT_NAME = "$(TARGET_NAME)";
				SWIFT_VERSION = 5.0;
				TARGETED_DEVICE_FAMILY = "1,2";
			};
			name = Release;
		};
/* End XCBuildConfiguration section */

/* Begin XCConfigurationList section */
		D63B3B8D2412D16500D96EAE /* Build configuration list for PBXProject "Concentration" */ = {
			isa = XCConfigurationList;
			buildConfigurations = (
				D63B3BA42412D16600D96EAE /* Debug */,
				D63B3BA52412D16600D96EAE /* Release */,
			);
			defaultConfigurationIsVisible = 0;
			defaultConfigurationName = Release;
		};
		D63B3BA62412D16600D96EAE /* Build configuration list for PBXNativeTarget "Concentration" */ = {
			isa = XCConfigurationList;
			buildConfigurations = (
				D63B3BA72412D16600D96EAE /* Debug */,
				D63B3BA82412D16600D96EAE /* Release */,
			);
			defaultConfigurationIsVisible = 0;
			defaultConfigurationName = Release;
		};
/* End XCConfigurationList section */
	};
	rootObject = D63B3B8A2412D16500D96EAE /* Project object */;
}
